PODS:
  - FMDB (2.2):
    - FMDB/standard
  - FMDB/common (2.2)
  - FMDB/standard (2.2):
    - FMDB/common
  - Kiwi/ARC (2.2.3)
  - Kiwi/NonARC (2.2.3)
  - Kiwi/XCTest (2.2.3):
    - Kiwi/ARC
    - Kiwi/NonARC
  - KTBTaskQueue (1.0.0):
    - FMDB (~> 2.0)

DEPENDENCIES:
  - Kiwi/XCTest
  - KTBTaskQueue (from `../KTBTaskQueue.podspec`)

EXTERNAL SOURCES:
  KTBTaskQueue:
    :path: ../KTBTaskQueue.podspec

SPEC CHECKSUMS:
  FMDB: 97472cfacf0d9e445e915704fb43b4b142799c36
  Kiwi: 04c51e880831d291748ec702d42c4101f7eb95c9
  KTBTaskQueue: 21c3813bf723d2b99b15b25c93b736b69152c7da

COCOAPODS: 0.29.0
